
Microsoft Visual Studio Solution File, Format Version 12.00
# Visual Studio Version 17
VisualStudioVersion = 17.14.36511.14 d17.14
MinimumVisualStudioVersion = 10.0.40219.1
Project("{FAE04EC0-301F-11D3-BF4B-00C04F79EFBC}") = "KorteBroeken", "KorteBroeken.csproj", "{F9EAD8AF-E82D-498F-AE32-31637B9940A6}"
EndProject
Global
	GlobalSection(SolutionConfigurationPlatforms) = preSolution
		Debug|Any CPU = Debug|Any CPU
		Release|Any CPU = Release|Any CPU
	EndGlobalSection
	GlobalSection(ProjectConfigurationPlatforms) = postSolution
		{F9EAD8AF-E82D-498F-AE32-31637B9940A6}.Debug|Any CPU.ActiveCfg = Debug|Any CPU
		{F9EAD8AF-E82D-498F-AE32-31637B9940A6}.Debug|Any CPU.Build.0 = Debug|Any CPU
		{F9EAD8AF-E82D-498F-AE32-31637B9940A6}.Release|Any CPU.ActiveCfg = Release|Any CPU
		{F9EAD8AF-E82D-498F-AE32-31637B9940A6}.Release|Any CPU.Build.0 = Release|Any CPU
	EndGlobalSection
	GlobalSection(SolutionProperties) = preSolution
		HideSolutionNode = FALSE
	EndGlobalSection
	GlobalSection(ExtensibilityGlobals) = postSolution
		SolutionGuid = {5D1834B7-8276-40C4-BA55-686085DD4F14}
	EndGlobalSection
EndGlobal
